
Microsoft Visual Studio Solution File, Format Version 12.00
# Visual Studio Version 16
VisualStudioVersion = 16.0.29326.143
MinimumVisualStudioVersion = 10.0.40219.1
Project("{FAE04EC0-301F-11D3-BF4B-00C04F79EFBC}") = "TestB3.WebApi", "TestB3.WebApi\TestB3.WebApi.csproj", "{EB8E3200-3A7D-4411-A71E-997B4D2DB6CB}"
EndProject
Project("{FAE04EC0-301F-11D3-BF4B-00C04F79EFBC}") = "TestB3.WebApi.Tests", "TestB3.WebApi.Tests\TestB3.WebApi.Tests.csproj", "{7C0BB0AE-66B4-4A6A-8521-C35ADAD32E0F}"
EndProject
Global
	GlobalSection(SolutionConfigurationPlatforms) = preSolution
		Debug|Any CPU = Debug|Any CPU
		Release|Any CPU = Release|Any CPU
	EndGlobalSection
	GlobalSection(ProjectConfigurationPlatforms) = postSolution
		{EB8E3200-3A7D-4411-A71E-997B4D2DB6CB}.Debug|Any CPU.ActiveCfg = Debug|Any CPU
		{EB8E3200-3A7D-4411-A71E-997B4D2DB6CB}.Debug|Any CPU.Build.0 = Debug|Any CPU
		{EB8E3200-3A7D-4411-A71E-997B4D2DB6CB}.Release|Any CPU.ActiveCfg = Release|Any CPU
		{EB8E3200-3A7D-4411-A71E-997B4D2DB6CB}.Release|Any CPU.Build.0 = Release|Any CPU
		{7C0BB0AE-66B4-4A6A-8521-C35ADAD32E0F}.Debug|Any CPU.ActiveCfg = Debug|Any CPU
		{7C0BB0AE-66B4-4A6A-8521-C35ADAD32E0F}.Debug|Any CPU.Build.0 = Debug|Any CPU
		{7C0BB0AE-66B4-4A6A-8521-C35ADAD32E0F}.Release|Any CPU.ActiveCfg = Release|Any CPU
		{7C0BB0AE-66B4-4A6A-8521-C35ADAD32E0F}.Release|Any CPU.Build.0 = Release|Any CPU
	EndGlobalSection
	GlobalSection(SolutionProperties) = preSolution
		HideSolutionNode = FALSE
	EndGlobalSection
	GlobalSection(ExtensibilityGlobals) = postSolution
		SolutionGuid = {9907087B-2491-492D-9FB0-FD92182C786C}
	EndGlobalSection
EndGlobal
